
Microsoft Visual Studio Solution File, Format Version 12.00
# Visual Studio 15
Project("{FAE04EC0-301F-11D3-BF4B-00C04F79EFBC}") = "UnityEngine.TestRunner", "UnityEngine.TestRunner.csproj", "{BA1C2713-A036-5A91-7E9C-188F0788DFD7}"
EndProject
Project("{FAE04EC0-301F-11D3-BF4B-00C04F79EFBC}") = "Unity.Mathematics", "Unity.Mathematics.csproj", "{6A42E999-01B1-F8F7-B6E3-8E37EC0AA796}"
EndProject
Project("{FAE04EC0-301F-11D3-BF4B-00C04F79EFBC}") = "Unity.2D.Animation.Triangle.Runtime", "Unity.2D.Animation.Triangle.Runtime.csproj", "{69872793-C60A-AB78-844F-BF2C4E947C13}"
EndProject
Project("{FAE04EC0-301F-11D3-BF4B-00C04F79EFBC}") = "Unity.Timeline", "Unity.Timeline.csproj", "{274E1C9D-5964-C95A-8198-9BDF08CD2B0D}"
EndProject
Project("{FAE04EC0-301F-11D3-BF4B-00C04F79EFBC}") = "UnityEngine.UI", "UnityEngine.UI.csproj", "{A50B0B16-17D2-45D5-8442-9833CC177634}"
EndProject
Project("{FAE04EC0-301F-11D3-BF4B-00C04F79EFBC}") = "Unity.TextMeshPro", "Unity.TextMeshPro.csproj", "{B40F7954-A70C-BC6E-8173-A139C1DF5F0A}"
EndProject
Project("{FAE04EC0-301F-11D3-BF4B-00C04F79EFBC}") = "Unity.2D.Animation.Runtime", "Unity.2D.Animation.Runtime.csproj", "{DB7DF7DD-5E46-DD2B-53CB-E230CBB0C886}"
EndProject
Project("{FAE04EC0-301F-11D3-BF4B-00C04F79EFBC}") = "Unity.2D.IK.Runtime", "Unity.2D.IK.Runtime.csproj", "{C42C9E47-0B89-4D85-8BDD-113F7C063A69}"
EndProject
Project("{FAE04EC0-301F-11D3-BF4B-00C04F79EFBC}") = "Unity.2D.SpriteShape.Runtime", "Unity.2D.SpriteShape.Runtime.csproj", "{BBCDC016-CD02-5A81-E7D0-FF3C215B026F}"
EndProject
Project("{FAE04EC0-301F-11D3-BF4B-00C04F79EFBC}") = "Unity.2D.PixelPerfect", "Unity.2D.PixelPerfect.csproj", "{F0CFF4DA-3A21-1224-62BA-94FA98AC4B81}"
EndProject
Project("{FAE04EC0-301F-11D3-BF4B-00C04F79EFBC}") = "Assembly-CSharp", "Assembly-CSharp.csproj", "{2B1B6C4B-0029-E0FD-62A6-EFA4286D8715}"
EndProject
Project("{FAE04EC0-301F-11D3-BF4B-00C04F79EFBC}") = "Unity.2D.Common.Runtime", "Unity.2D.Common.Runtime.csproj", "{D2DD0A8C-1EF3-DFE4-9819-F7328D746D2B}"
EndProject
Project("{FAE04EC0-301F-11D3-BF4B-00C04F79EFBC}") = "Unity.InternalAPIEngineBridge.001", "Unity.InternalAPIEngineBridge.001.csproj", "{D1A81209-F06A-C139-AB0B-88CB36F60C77}"
EndProject
Project("{FAE04EC0-301F-11D3-BF4B-00C04F79EFBC}") = "UnityEditor.TestRunner", "UnityEditor.TestRunner.csproj", "{2097A471-5A20-0EFE-92EE-28EB0E515351}"
EndProject
Project("{FAE04EC0-301F-11D3-BF4B-00C04F79EFBC}") = "Unity.PlasticSCM.Editor", "Unity.PlasticSCM.Editor.csproj", "{50EFD6D3-FE73-0CE2-9865-43A1AEECAB00}"
EndProject
Project("{FAE04EC0-301F-11D3-BF4B-00C04F79EFBC}") = "UnityEditor.UI", "UnityEditor.UI.csproj", "{14CB4BAB-1500-EC29-ED19-4DBC798A48DE}"
EndProject
Project("{FAE04EC0-301F-11D3-BF4B-00C04F79EFBC}") = "Unity.Services.Core.Editor", "Unity.Services.Core.Editor.csproj", "{33421F6F-5EAE-789D-717C-62EB96B67607}"
EndProject
Project("{FAE04EC0-301F-11D3-BF4B-00C04F79EFBC}") = "Unity.Timeline.Editor", "Unity.Timeline.Editor.csproj", "{1817685E-006D-D696-637E-04B14B705C79}"
EndProject
Project("{FAE04EC0-301F-11D3-BF4B-00C04F79EFBC}") = "Unity.VisualStudio.Editor", "Unity.VisualStudio.Editor.csproj", "{4F967D15-5BEB-FA45-C45C-531273BA7B72}"
EndProject
Project("{FAE04EC0-301F-11D3-BF4B-00C04F79EFBC}") = "Unity.2D.Psdimporter.Editor", "Unity.2D.Psdimporter.Editor.csproj", "{8DCB2769-7209-C753-97AD-ACEF27167F8D}"
EndProject
Project("{FAE04EC0-301F-11D3-BF4B-00C04F79EFBC}") = "Unity.2D.Animation.Editor", "Unity.2D.Animation.Editor.csproj", "{CB18DAF6-2044-EEBC-47EC-395A5C71EBBF}"
EndProject
Project("{FAE04EC0-301F-11D3-BF4B-00C04F79EFBC}") = "Unity.TextMeshPro.Editor", "Unity.TextMeshPro.Editor.csproj", "{6BEBE735-7329-3B83-EE21-C1BE4AFA0325}"
EndProject
Project("{FAE04EC0-301F-11D3-BF4B-00C04F79EFBC}") = "Unity.2D.SpriteShape.Editor", "Unity.2D.SpriteShape.Editor.csproj", "{7C56ACFE-C7F7-C25E-A750-0A4B0B17811A}"
EndProject
Project("{FAE04EC0-301F-11D3-BF4B-00C04F79EFBC}") = "Unity.CollabProxy.Editor", "Unity.CollabProxy.Editor.csproj", "{37029E80-C51C-D1E2-7F27-3E400E6EAA81}"
EndProject
Project("{FAE04EC0-301F-11D3-BF4B-00C04F79EFBC}") = "PsdPlugin", "PsdPlugin.csproj", "{A9D1D9D8-A3B4-3EE8-7C4D-14FC9350A07C}"
EndProject
Project("{FAE04EC0-301F-11D3-BF4B-00C04F79EFBC}") = "Unity.2D.Path.Editor", "Unity.2D.Path.Editor.csproj", "{BB5BA9DE-164E-FE2D-897F-E958B7F29D7E}"
EndProject
Project("{FAE04EC0-301F-11D3-BF4B-00C04F79EFBC}") = "Unity.Rider.Editor", "Unity.Rider.Editor.csproj", "{CD1BB9A5-2B7C-8608-96E4-87B8DF593EC0}"
EndProject
Project("{FAE04EC0-301F-11D3-BF4B-00C04F79EFBC}") = "Unity.2D.IK.Editor", "Unity.2D.IK.Editor.csproj", "{39CC9F20-1F9A-283E-577C-FDE059ECC437}"
EndProject
Project("{FAE04EC0-301F-11D3-BF4B-00C04F79EFBC}") = "Unity.2D.Sprite.Editor", "Unity.2D.Sprite.Editor.csproj", "{DDF920F1-63C8-C28B-6543-313DBE1F7869}"
EndProject
Project("{FAE04EC0-301F-11D3-BF4B-00C04F79EFBC}") = "Unity.2D.Tilemap.Editor", "Unity.2D.Tilemap.Editor.csproj", "{143437BA-D62E-1DBF-BD86-C8544CCAD59D}"
EndProject
Project("{FAE04EC0-301F-11D3-BF4B-00C04F79EFBC}") = "Unity.2D.PixelPerfect.Editor", "Unity.2D.PixelPerfect.Editor.csproj", "{8BB5624F-2F59-43A0-2A44-CAAE3FCAAAA4}"
EndProject
Project("{FAE04EC0-301F-11D3-BF4B-00C04F79EFBC}") = "Unity.VSCode.Editor", "Unity.VSCode.Editor.csproj", "{4BE01BDA-7352-415A-507F-616DB9CA6A5E}"
EndProject
Project("{FAE04EC0-301F-11D3-BF4B-00C04F79EFBC}") = "Unity.2D.Common.Editor", "Unity.2D.Common.Editor.csproj", "{DA72D7E9-D5B4-E369-12A5-9EE05ACF46C3}"
EndProject
Project("{FAE04EC0-301F-11D3-BF4B-00C04F79EFBC}") = "Unity.Mathematics.Editor", "Unity.Mathematics.Editor.csproj", "{F2AA493A-0178-FB35-887E-7F4B5525C863}"
EndProject
Project("{FAE04EC0-301F-11D3-BF4B-00C04F79EFBC}") = "Unity.InternalAPIEditorBridge.001", "Unity.InternalAPIEditorBridge.001.csproj", "{6EFC7C95-503E-06E9-389B-8998814E32C6}"
EndProject
Project("{FAE04EC0-301F-11D3-BF4B-00C04F79EFBC}") = "UnityEngine.TestRunner", "UnityEngine.TestRunner.Player.csproj", "{8BA881B4-2F94-2A52-9ABC-127CC17018BB}"
EndProject
Project("{FAE04EC0-301F-11D3-BF4B-00C04F79EFBC}") = "Unity.Mathematics", "Unity.Mathematics.Player.csproj", "{EFBD5C81-DC97-4CB7-EE1E-41C336D00287}"
EndProject
Project("{FAE04EC0-301F-11D3-BF4B-00C04F79EFBC}") = "Unity.2D.Animation.Triangle.Runtime", "Unity.2D.Animation.Triangle.Runtime.Player.csproj", "{B99421BC-A066-2210-C5F3-4EE69B8CD19D}"
EndProject
Project("{FAE04EC0-301F-11D3-BF4B-00C04F79EFBC}") = "Unity.Timeline", "Unity.Timeline.Player.csproj", "{9AFA6E87-F750-BB81-77D2-AC55B309C1FE}"
EndProject
Project("{FAE04EC0-301F-11D3-BF4B-00C04F79EFBC}") = "UnityEngine.UI", "UnityEngine.UI.Player.csproj", "{1A486ED9-233A-5612-721A-1E35E23F9FB8}"
EndProject
Project("{FAE04EC0-301F-11D3-BF4B-00C04F79EFBC}") = "Unity.TextMeshPro", "Unity.TextMeshPro.Player.csproj", "{DF92DFCE-252E-41C7-910D-CE994FC60550}"
EndProject
Project("{FAE04EC0-301F-11D3-BF4B-00C04F79EFBC}") = "Unity.2D.Animation.Runtime", "Unity.2D.Animation.Runtime.Player.csproj", "{999BD465-73E8-C3E1-745D-9171D11E6C76}"
EndProject
Project("{FAE04EC0-301F-11D3-BF4B-00C04F79EFBC}") = "Unity.2D.IK.Runtime", "Unity.2D.IK.Runtime.Player.csproj", "{129DE443-A78C-9592-4118-7401B6FAB89E}"
EndProject
Project("{FAE04EC0-301F-11D3-BF4B-00C04F79EFBC}") = "Unity.2D.SpriteShape.Runtime", "Unity.2D.SpriteShape.Runtime.Player.csproj", "{A630405F-1B0E-8149-5D41-470C81B4DBF1}"
EndProject
Project("{FAE04EC0-301F-11D3-BF4B-00C04F79EFBC}") = "Unity.2D.PixelPerfect", "Unity.2D.PixelPerfect.Player.csproj", "{E9323BFA-59C4-70E6-DB7C-8129755A64C1}"
EndProject
Project("{FAE04EC0-301F-11D3-BF4B-00C04F79EFBC}") = "Assembly-CSharp", "Assembly-CSharp.Player.csproj", "{94BB5710-7644-D7A8-964E-981C7696138C}"
EndProject
Project("{FAE04EC0-301F-11D3-BF4B-00C04F79EFBC}") = "Unity.2D.Common.Runtime", "Unity.2D.Common.Runtime.Player.csproj", "{54550F0B-0ACB-7692-A007-6B05BC5C612D}"
EndProject
Project("{FAE04EC0-301F-11D3-BF4B-00C04F79EFBC}") = "Unity.InternalAPIEngineBridge.001", "Unity.InternalAPIEngineBridge.001.Player.csproj", "{35652DA3-F66E-1C93-8400-41845047C54C}"
EndProject
Global
	GlobalSection(SolutionConfigurationPlatforms) = preSolution
		Debug|Any CPU = Debug|Any CPU
		Release|Any CPU = Release|Any CPU
	EndGlobalSection
	GlobalSection(ProjectConfigurationPlatforms) = postSolution
		{BA1C2713-A036-5A91-7E9C-188F0788DFD7}.Debug|Any CPU.ActiveCfg = Debug|Any CPU
		{BA1C2713-A036-5A91-7E9C-188F0788DFD7}.Debug|Any CPU.Build.0 = Debug|Any CPU
		{BA1C2713-A036-5A91-7E9C-188F0788DFD7}.Release|Any CPU.ActiveCfg = Release|Any CPU
		{BA1C2713-A036-5A91-7E9C-188F0788DFD7}.Release|Any CPU.Build.0 = Release|Any CPU
		{6A42E999-01B1-F8F7-B6E3-8E37EC0AA796}.Debug|Any CPU.ActiveCfg = Debug|Any CPU
		{6A42E999-01B1-F8F7-B6E3-8E37EC0AA796}.Debug|Any CPU.Build.0 = Debug|Any CPU
		{6A42E999-01B1-F8F7-B6E3-8E37EC0AA796}.Release|Any CPU.ActiveCfg = Release|Any CPU
		{6A42E999-01B1-F8F7-B6E3-8E37EC0AA796}.Release|Any CPU.Build.0 = Release|Any CPU
		{69872793-C60A-AB78-844F-BF2C4E947C13}.Debug|Any CPU.ActiveCfg = Debug|Any CPU
		{69872793-C60A-AB78-844F-BF2C4E947C13}.Debug|Any CPU.Build.0 = Debug|Any CPU
		{69872793-C60A-AB78-844F-BF2C4E947C13}.Release|Any CPU.ActiveCfg = Release|Any CPU
		{69872793-C60A-AB78-844F-BF2C4E947C13}.Release|Any CPU.Build.0 = Release|Any CPU
		{274E1C9D-5964-C95A-8198-9BDF08CD2B0D}.Debug|Any CPU.ActiveCfg = Debug|Any CPU
		{274E1C9D-5964-C95A-8198-9BDF08CD2B0D}.Debug|Any CPU.Build.0 = Debug|Any CPU
		{274E1C9D-5964-C95A-8198-9BDF08CD2B0D}.Release|Any CPU.ActiveCfg = Release|Any CPU
		{274E1C9D-5964-C95A-8198-9BDF08CD2B0D}.Release|Any CPU.Build.0 = Release|Any CPU
		{A50B0B16-17D2-45D5-8442-9833CC177634}.Debug|Any CPU.ActiveCfg = Debug|Any CPU
		{A50B0B16-17D2-45D5-8442-9833CC177634}.Debug|Any CPU.Build.0 = Debug|Any CPU
		{A50B0B16-17D2-45D5-8442-9833CC177634}.Release|Any CPU.ActiveCfg = Release|Any CPU
		{A50B0B16-17D2-45D5-8442-9833CC177634}.Release|Any CPU.Build.0 = Release|Any CPU
		{B40F7954-A70C-BC6E-8173-A139C1DF5F0A}.Debug|Any CPU.ActiveCfg = Debug|Any CPU
		{B40F7954-A70C-BC6E-8173-A139C1DF5F0A}.Debug|Any CPU.Build.0 = Debug|Any CPU
		{B40F7954-A70C-BC6E-8173-A139C1DF5F0A}.Release|Any CPU.ActiveCfg = Release|Any CPU
		{B40F7954-A70C-BC6E-8173-A139C1DF5F0A}.Release|Any CPU.Build.0 = Release|Any CPU
		{DB7DF7DD-5E46-DD2B-53CB-E230CBB0C886}.Debug|Any CPU.ActiveCfg = Debug|Any CPU
		{DB7DF7DD-5E46-DD2B-53CB-E230CBB0C886}.Debug|Any CPU.Build.0 = Debug|Any CPU
		{DB7DF7DD-5E46-DD2B-53CB-E230CBB0C886}.Release|Any CPU.ActiveCfg = Release|Any CPU
		{DB7DF7DD-5E46-DD2B-53CB-E230CBB0C886}.Release|Any CPU.Build.0 = Release|Any CPU
		{C42C9E47-0B89-4D85-8BDD-113F7C063A69}.Debug|Any CPU.ActiveCfg = Debug|Any CPU
		{C42C9E47-0B89-4D85-8BDD-113F7C063A69}.Debug|Any CPU.Build.0 = Debug|Any CPU
		{C42C9E47-0B89-4D85-8BDD-113F7C063A69}.Release|Any CPU.ActiveCfg = Release|Any CPU
		{C42C9E47-0B89-4D85-8BDD-113F7C063A69}.Release|Any CPU.Build.0 = Release|Any CPU
		{BBCDC016-CD02-5A81-E7D0-FF3C215B026F}.Debug|Any CPU.ActiveCfg = Debug|Any CPU
		{BBCDC016-CD02-5A81-E7D0-FF3C215B026F}.Debug|Any CPU.Build.0 = Debug|Any CPU
		{BBCDC016-CD02-5A81-E7D0-FF3C215B026F}.Release|Any CPU.ActiveCfg = Release|Any CPU
		{BBCDC016-CD02-5A81-E7D0-FF3C215B026F}.Release|Any CPU.Build.0 = Release|Any CPU
		{F0CFF4DA-3A21-1224-62BA-94FA98AC4B81}.Debug|Any CPU.ActiveCfg = Debug|Any CPU
		{F0CFF4DA-3A21-1224-62BA-94FA98AC4B81}.Debug|Any CPU.Build.0 = Debug|Any CPU
		{F0CFF4DA-3A21-1224-62BA-94FA98AC4B81}.Release|Any CPU.ActiveCfg = Release|Any CPU
		{F0CFF4DA-3A21-1224-62BA-94FA98AC4B81}.Release|Any CPU.Build.0 = Release|Any CPU
		{2B1B6C4B-0029-E0FD-62A6-EFA4286D8715}.Debug|Any CPU.ActiveCfg = Debug|Any CPU
		{2B1B6C4B-0029-E0FD-62A6-EFA4286D8715}.Debug|Any CPU.Build.0 = Debug|Any CPU
		{2B1B6C4B-0029-E0FD-62A6-EFA4286D8715}.Release|Any CPU.ActiveCfg = Release|Any CPU
		{2B1B6C4B-0029-E0FD-62A6-EFA4286D8715}.Release|Any CPU.Build.0 = Release|Any CPU
		{D2DD0A8C-1EF3-DFE4-9819-F7328D746D2B}.Debug|Any CPU.ActiveCfg = Debug|Any CPU
		{D2DD0A8C-1EF3-DFE4-9819-F7328D746D2B}.Debug|Any CPU.Build.0 = Debug|Any CPU
		{D2DD0A8C-1EF3-DFE4-9819-F7328D746D2B}.Release|Any CPU.ActiveCfg = Release|Any CPU
		{D2DD0A8C-1EF3-DFE4-9819-F7328D746D2B}.Release|Any CPU.Build.0 = Release|Any CPU
		{D1A81209-F06A-C139-AB0B-88CB36F60C77}.Debug|Any CPU.ActiveCfg = Debug|Any CPU
		{D1A81209-F06A-C139-AB0B-88CB36F60C77}.Debug|Any CPU.Build.0 = Debug|Any CPU
		{D1A81209-F06A-C139-AB0B-88CB36F60C77}.Release|Any CPU.ActiveCfg = Release|Any CPU
		{D1A81209-F06A-C139-AB0B-88CB36F60C77}.Release|Any CPU.Build.0 = Release|Any CPU
		{2097A471-5A20-0EFE-92EE-28EB0E515351}.Debug|Any CPU.ActiveCfg = Debug|Any CPU
		{2097A471-5A20-0EFE-92EE-28EB0E515351}.Debug|Any CPU.Build.0 = Debug|Any CPU
		{2097A471-5A20-0EFE-92EE-28EB0E515351}.Release|Any CPU.ActiveCfg = Release|Any CPU
		{2097A471-5A20-0EFE-92EE-28EB0E515351}.Release|Any CPU.Build.0 = Release|Any CPU
		{50EFD6D3-FE73-0CE2-9865-43A1AEECAB00}.Debug|Any CPU.ActiveCfg = Debug|Any CPU
		{50EFD6D3-FE73-0CE2-9865-43A1AEECAB00}.Debug|Any CPU.Build.0 = Debug|Any CPU
		{50EFD6D3-FE73-0CE2-9865-43A1AEECAB00}.Release|Any CPU.ActiveCfg = Release|Any CPU
		{50EFD6D3-FE73-0CE2-9865-43A1AEECAB00}.Release|Any CPU.Build.0 = Release|Any CPU
		{14CB4BAB-1500-EC29-ED19-4DBC798A48DE}.Debug|Any CPU.ActiveCfg = Debug|Any CPU
		{14CB4BAB-1500-EC29-ED19-4DBC798A48DE}.Debug|Any CPU.Build.0 = Debug|Any CPU
		{14CB4BAB-1500-EC29-ED19-4DBC798A48DE}.Release|Any CPU.ActiveCfg = Release|Any CPU
		{14CB4BAB-1500-EC29-ED19-4DBC798A48DE}.Release|Any CPU.Build.0 = Release|Any CPU
		{33421F6F-5EAE-789D-717C-62EB96B67607}.Debug|Any CPU.ActiveCfg = Debug|Any CPU
		{33421F6F-5EAE-789D-717C-62EB96B67607}.Debug|Any CPU.Build.0 = Debug|Any CPU
		{33421F6F-5EAE-789D-717C-62EB96B67607}.Release|Any CPU.ActiveCfg = Release|Any CPU
		{33421F6F-5EAE-789D-717C-62EB96B67607}.Release|Any CPU.Build.0 = Release|Any CPU
		{1817685E-006D-D696-637E-04B14B705C79}.Debug|Any CPU.ActiveCfg = Debug|Any CPU
		{1817685E-006D-D696-637E-04B14B705C79}.Debug|Any CPU.Build.0 = Debug|Any CPU
		{1817685E-006D-D696-637E-04B14B705C79}.Release|Any CPU.ActiveCfg = Release|Any CPU
		{1817685E-006D-D696-637E-04B14B705C79}.Release|Any CPU.Build.0 = Release|Any CPU
		{4F967D15-5BEB-FA45-C45C-531273BA7B72}.Debug|Any CPU.ActiveCfg = Debug|Any CPU
		{4F967D15-5BEB-FA45-C45C-531273BA7B72}.Debug|Any CPU.Build.0 = Debug|Any CPU
		{4F967D15-5BEB-FA45-C45C-531273BA7B72}.Release|Any CPU.ActiveCfg = Release|Any CPU
		{4F967D15-5BEB-FA45-C45C-531273BA7B72}.Release|Any CPU.Build.0 = Release|Any CPU
		{8DCB2769-7209-C753-97AD-ACEF27167F8D}.Debug|Any CPU.ActiveCfg = Debug|Any CPU
		{8DCB2769-7209-C753-97AD-ACEF27167F8D}.Debug|Any CPU.Build.0 = Debug|Any CPU
		{8DCB2769-7209-C753-97AD-ACEF27167F8D}.Release|Any CPU.ActiveCfg = Release|Any CPU
		{8DCB2769-7209-C753-97AD-ACEF27167F8D}.Release|Any CPU.Build.0 = Release|Any CPU
		{CB18DAF6-2044-EEBC-47EC-395A5C71EBBF}.Debug|Any CPU.ActiveCfg = Debug|Any CPU
		{CB18DAF6-2044-EEBC-47EC-395A5C71EBBF}.Debug|Any CPU.Build.0 = Debug|Any CPU
		{CB18DAF6-2044-EEBC-47EC-395A5C71EBBF}.Release|Any CPU.ActiveCfg = Release|Any CPU
		{CB18DAF6-2044-EEBC-47EC-395A5C71EBBF}.Release|Any CPU.Build.0 = Release|Any CPU
		{6BEBE735-7329-3B83-EE21-C1BE4AFA0325}.Debug|Any CPU.ActiveCfg = Debug|Any CPU
		{6BEBE735-7329-3B83-EE21-C1BE4AFA0325}.Debug|Any CPU.Build.0 = Debug|Any CPU
		{6BEBE735-7329-3B83-EE21-C1BE4AFA0325}.Release|Any CPU.ActiveCfg = Release|Any CPU
		{6BEBE735-7329-3B83-EE21-C1BE4AFA0325}.Release|Any CPU.Build.0 = Release|Any CPU
		{7C56ACFE-C7F7-C25E-A750-0A4B0B17811A}.Debug|Any CPU.ActiveCfg = Debug|Any CPU
		{7C56ACFE-C7F7-C25E-A750-0A4B0B17811A}.Debug|Any CPU.Build.0 = Debug|Any CPU
		{7C56ACFE-C7F7-C25E-A750-0A4B0B17811A}.Release|Any CPU.ActiveCfg = Release|Any CPU
		{7C56ACFE-C7F7-C25E-A750-0A4B0B17811A}.Release|Any CPU.Build.0 = Release|Any CPU
		{37029E80-C51C-D1E2-7F27-3E400E6EAA81}.Debug|Any CPU.ActiveCfg = Debug|Any CPU
		{37029E80-C51C-D1E2-7F27-3E400E6EAA81}.Debug|Any CPU.Build.0 = Debug|Any CPU
		{37029E80-C51C-D1E2-7F27-3E400E6EAA81}.Release|Any CPU.ActiveCfg = Release|Any CPU
		{37029E80-C51C-D1E2-7F27-3E400E6EAA81}.Release|Any CPU.Build.0 = Release|Any CPU
		{A9D1D9D8-A3B4-3EE8-7C4D-14FC9350A07C}.Debug|Any CPU.ActiveCfg = Debug|Any CPU
		{A9D1D9D8-A3B4-3EE8-7C4D-14FC9350A07C}.Debug|Any CPU.Build.0 = Debug|Any CPU
		{A9D1D9D8-A3B4-3EE8-7C4D-14FC9350A07C}.Release|Any CPU.ActiveCfg = Release|Any CPU
		{A9D1D9D8-A3B4-3EE8-7C4D-14FC9350A07C}.Release|Any CPU.Build.0 = Release|Any CPU
		{BB5BA9DE-164E-FE2D-897F-E958B7F29D7E}.Debug|Any CPU.ActiveCfg = Debug|Any CPU
		{BB5BA9DE-164E-FE2D-897F-E958B7F29D7E}.Debug|Any CPU.Build.0 = Debug|Any CPU
		{BB5BA9DE-164E-FE2D-897F-E958B7F29D7E}.Release|Any CPU.ActiveCfg = Release|Any CPU
		{BB5BA9DE-164E-FE2D-897F-E958B7F29D7E}.Release|Any CPU.Build.0 = Release|Any CPU
		{CD1BB9A5-2B7C-8608-96E4-87B8DF593EC0}.Debug|Any CPU.ActiveCfg = Debug|Any CPU
		{CD1BB9A5-2B7C-8608-96E4-87B8DF593EC0}.Debug|Any CPU.Build.0 = Debug|Any CPU
		{CD1BB9A5-2B7C-8608-96E4-87B8DF593EC0}.Release|Any CPU.ActiveCfg = Release|Any CPU
		{CD1BB9A5-2B7C-8608-96E4-87B8DF593EC0}.Release|Any CPU.Build.0 = Release|Any CPU
		{39CC9F20-1F9A-283E-577C-FDE059ECC437}.Debug|Any CPU.ActiveCfg = Debug|Any CPU
		{39CC9F20-1F9A-283E-577C-FDE059ECC437}.Debug|Any CPU.Build.0 = Debug|Any CPU
		{39CC9F20-1F9A-283E-577C-FDE059ECC437}.Release|Any CPU.ActiveCfg = Release|Any CPU
		{39CC9F20-1F9A-283E-577C-FDE059ECC437}.Release|Any CPU.Build.0 = Release|Any CPU
		{DDF920F1-63C8-C28B-6543-313DBE1F7869}.Debug|Any CPU.ActiveCfg = Debug|Any CPU
		{DDF920F1-63C8-C28B-6543-313DBE1F7869}.Debug|Any CPU.Build.0 = Debug|Any CPU
		{DDF920F1-63C8-C28B-6543-313DBE1F7869}.Release|Any CPU.ActiveCfg = Release|Any CPU
		{DDF920F1-63C8-C28B-6543-313DBE1F7869}.Release|Any CPU.Build.0 = Release|Any CPU
		{143437BA-D62E-1DBF-BD86-C8544CCAD59D}.Debug|Any CPU.ActiveCfg = Debug|Any CPU
		{143437BA-D62E-1DBF-BD86-C8544CCAD59D}.Debug|Any CPU.Build.0 = Debug|Any CPU
		{143437BA-D62E-1DBF-BD86-C8544CCAD59D}.Release|Any CPU.ActiveCfg = Release|Any CPU
		{143437BA-D62E-1DBF-BD86-C8544CCAD59D}.Release|Any CPU.Build.0 = Release|Any CPU
		{8BB5624F-2F59-43A0-2A44-CAAE3FCAAAA4}.Debug|Any CPU.ActiveCfg = Debug|Any CPU
		{8BB5624F-2F59-43A0-2A44-CAAE3FCAAAA4}.Debug|Any CPU.Build.0 = Debug|Any CPU
		{8BB5624F-2F59-43A0-2A44-CAAE3FCAAAA4}.Release|Any CPU.ActiveCfg = Release|Any CPU
		{8BB5624F-2F59-43A0-2A44-CAAE3FCAAAA4}.Release|Any CPU.Build.0 = Release|Any CPU
		{4BE01BDA-7352-415A-507F-616DB9CA6A5E}.Debug|Any CPU.ActiveCfg = Debug|Any CPU
		{4BE01BDA-7352-415A-507F-616DB9CA6A5E}.Debug|Any CPU.Build.0 = Debug|Any CPU
		{4BE01BDA-7352-415A-507F-616DB9CA6A5E}.Release|Any CPU.ActiveCfg = Release|Any CPU
		{4BE01BDA-7352-415A-507F-616DB9CA6A5E}.Release|Any CPU.Build.0 = Release|Any CPU
		{DA72D7E9-D5B4-E369-12A5-9EE05ACF46C3}.Debug|Any CPU.ActiveCfg = Debug|Any CPU
		{DA72D7E9-D5B4-E369-12A5-9EE05ACF46C3}.Debug|Any CPU.Build.0 = Debug|Any CPU
		{DA72D7E9-D5B4-E369-12A5-9EE05ACF46C3}.Release|Any CPU.ActiveCfg = Release|Any CPU
		{DA72D7E9-D5B4-E369-12A5-9EE05ACF46C3}.Release|Any CPU.Build.0 = Release|Any CPU
		{F2AA493A-0178-FB35-887E-7F4B5525C863}.Debug|Any CPU.ActiveCfg = Debug|Any CPU
		{F2AA493A-0178-FB35-887E-7F4B5525C863}.Debug|Any CPU.Build.0 = Debug|Any CPU
		{F2AA493A-0178-FB35-887E-7F4B5525C863}.Release|Any CPU.ActiveCfg = Release|Any CPU
		{F2AA493A-0178-FB35-887E-7F4B5525C863}.Release|Any CPU.Build.0 = Release|Any CPU
		{6EFC7C95-503E-06E9-389B-8998814E32C6}.Debug|Any CPU.ActiveCfg = Debug|Any CPU
		{6EFC7C95-503E-06E9-389B-8998814E32C6}.Debug|Any CPU.Build.0 = Debug|Any CPU
		{6EFC7C95-503E-06E9-389B-8998814E32C6}.Release|Any CPU.ActiveCfg = Release|Any CPU
		{6EFC7C95-503E-06E9-389B-8998814E32C6}.Release|Any CPU.Build.0 = Release|Any CPU
		{8BA881B4-2F94-2A52-9ABC-127CC17018BB}.Debug|Any CPU.ActiveCfg = Debug|Any CPU
		{8BA881B4-2F94-2A52-9ABC-127CC17018BB}.Debug|Any CPU.Build.0 = Debug|Any CPU
		{8BA881B4-2F94-2A52-9ABC-127CC17018BB}.Release|Any CPU.ActiveCfg = Release|Any CPU
		{8BA881B4-2F94-2A52-9ABC-127CC17018BB}.Release|Any CPU.Build.0 = Release|Any CPU
		{EFBD5C81-DC97-4CB7-EE1E-41C336D00287}.Debug|Any CPU.ActiveCfg = Debug|Any CPU
		{EFBD5C81-DC97-4CB7-EE1E-41C336D00287}.Debug|Any CPU.Build.0 = Debug|Any CPU
		{EFBD5C81-DC97-4CB7-EE1E-41C336D00287}.Release|Any CPU.ActiveCfg = Release|Any CPU
		{EFBD5C81-DC97-4CB7-EE1E-41C336D00287}.Release|Any CPU.Build.0 = Release|Any CPU
		{B99421BC-A066-2210-C5F3-4EE69B8CD19D}.Debug|Any CPU.ActiveCfg = Debug|Any CPU
		{B99421BC-A066-2210-C5F3-4EE69B8CD19D}.Debug|Any CPU.Build.0 = Debug|Any CPU
		{B99421BC-A066-2210-C5F3-4EE69B8CD19D}.Release|Any CPU.ActiveCfg = Release|Any CPU
		{B99421BC-A066-2210-C5F3-4EE69B8CD19D}.Release|Any CPU.Build.0 = Release|Any CPU
		{9AFA6E87-F750-BB81-77D2-AC55B309C1FE}.Debug|Any CPU.ActiveCfg = Debug|Any CPU
		{9AFA6E87-F750-BB81-77D2-AC55B309C1FE}.Debug|Any CPU.Build.0 = Debug|Any CPU
		{9AFA6E87-F750-BB81-77D2-AC55B309C1FE}.Release|Any CPU.ActiveCfg = Release|Any CPU
		{9AFA6E87-F750-BB81-77D2-AC55B309C1FE}.Release|Any CPU.Build.0 = Release|Any CPU
		{1A486ED9-233A-5612-721A-1E35E23F9FB8}.Debug|Any CPU.ActiveCfg = Debug|Any CPU
		{1A486ED9-233A-5612-721A-1E35E23F9FB8}.Debug|Any CPU.Build.0 = Debug|Any CPU
		{1A486ED9-233A-5612-721A-1E35E23F9FB8}.Release|Any CPU.ActiveCfg = Release|Any CPU
		{1A486ED9-233A-5612-721A-1E35E23F9FB8}.Release|Any CPU.Build.0 = Release|Any CPU
		{DF92DFCE-252E-41C7-910D-CE994FC60550}.Debug|Any CPU.ActiveCfg = Debug|Any CPU
		{DF92DFCE-252E-41C7-910D-CE994FC60550}.Debug|Any CPU.Build.0 = Debug|Any CPU
		{DF92DFCE-252E-41C7-910D-CE994FC60550}.Release|Any CPU.ActiveCfg = Release|Any CPU
		{DF92DFCE-252E-41C7-910D-CE994FC60550}.Release|Any CPU.Build.0 = Release|Any CPU
		{999BD465-73E8-C3E1-745D-9171D11E6C76}.Debug|Any CPU.ActiveCfg = Debug|Any CPU
		{999BD465-73E8-C3E1-745D-9171D11E6C76}.Debug|Any CPU.Build.0 = Debug|Any CPU
		{999BD465-73E8-C3E1-745D-9171D11E6C76}.Release|Any CPU.ActiveCfg = Release|Any CPU
		{999BD465-73E8-C3E1-745D-9171D11E6C76}.Release|Any CPU.Build.0 = Release|Any CPU
		{129DE443-A78C-9592-4118-7401B6FAB89E}.Debug|Any CPU.ActiveCfg = Debug|Any CPU
		{129DE443-A78C-9592-4118-7401B6FAB89E}.Debug|Any CPU.Build.0 = Debug|Any CPU
		{129DE443-A78C-9592-4118-7401B6FAB89E}.Release|Any CPU.ActiveCfg = Release|Any CPU
		{129DE443-A78C-9592-4118-7401B6FAB89E}.Release|Any CPU.Build.0 = Release|Any CPU
		{A630405F-1B0E-8149-5D41-470C81B4DBF1}.Debug|Any CPU.ActiveCfg = Debug|Any CPU
		{A630405F-1B0E-8149-5D41-470C81B4DBF1}.Debug|Any CPU.Build.0 = Debug|Any CPU
		{A630405F-1B0E-8149-5D41-470C81B4DBF1}.Release|Any CPU.ActiveCfg = Release|Any CPU
		{A630405F-1B0E-8149-5D41-470C81B4DBF1}.Release|Any CPU.Build.0 = Release|Any CPU
		{E9323BFA-59C4-70E6-DB7C-8129755A64C1}.Debug|Any CPU.ActiveCfg = Debug|Any CPU
		{E9323BFA-59C4-70E6-DB7C-8129755A64C1}.Debug|Any CPU.Build.0 = Debug|Any CPU
		{E9323BFA-59C4-70E6-DB7C-8129755A64C1}.Release|Any CPU.ActiveCfg = Release|Any CPU
		{E9323BFA-59C4-70E6-DB7C-8129755A64C1}.Release|Any CPU.Build.0 = Release|Any CPU
		{94BB5710-7644-D7A8-964E-981C7696138C}.Debug|Any CPU.ActiveCfg = Debug|Any CPU
		{94BB5710-7644-D7A8-964E-981C7696138C}.Debug|Any CPU.Build.0 = Debug|Any CPU
		{94BB5710-7644-D7A8-964E-981C7696138C}.Release|Any CPU.ActiveCfg = Release|Any CPU
		{94BB5710-7644-D7A8-964E-981C7696138C}.Release|Any CPU.Build.0 = Release|Any CPU
		{54550F0B-0ACB-7692-A007-6B05BC5C612D}.Debug|Any CPU.ActiveCfg = Debug|Any CPU
		{54550F0B-0ACB-7692-A007-6B05BC5C612D}.Debug|Any CPU.Build.0 = Debug|Any CPU
		{54550F0B-0ACB-7692-A007-6B05BC5C612D}.Release|Any CPU.ActiveCfg = Release|Any CPU
		{54550F0B-0ACB-7692-A007-6B05BC5C612D}.Release|Any CPU.Build.0 = Release|Any CPU
		{35652DA3-F66E-1C93-8400-41845047C54C}.Debug|Any CPU.ActiveCfg = Debug|Any CPU
		{35652DA3-F66E-1C93-8400-41845047C54C}.Debug|Any CPU.Build.0 = Debug|Any CPU
		{35652DA3-F66E-1C93-8400-41845047C54C}.Release|Any CPU.ActiveCfg = Release|Any CPU
		{35652DA3-F66E-1C93-8400-41845047C54C}.Release|Any CPU.Build.0 = Release|Any CPU
	EndGlobalSection
	GlobalSection(SolutionProperties) = preSolution
		HideSolutionNode = FALSE
	EndGlobalSection
EndGlobal
